
Microsoft Visual Studio Solution File, Format Version 12.00
# Visual Studio Version 16
VisualStudioVersion = 16.0.29009.5
MinimumVisualStudioVersion = 10.0.40219.1
Project("{8BC9CEB8-8B4A-11D0-8D11-00A0C91BC942}") = "CppSolutions", "CppSolutions\CppSolutions.vcxproj", "{214B468E-FD39-4CCD-A63C-6EE1D3956CE3}"
EndProject
Project("{FAE04EC0-301F-11D3-BF4B-00C04F79EFBC}") = "CSharpSolutions", "CSharpSolutions\CSharpSolutions.csproj", "{4B0CF068-28C7-4F93-A3B4-53D0C2A44557}"
EndProject
Global
	GlobalSection(SolutionConfigurationPlatforms) = preSolution
		Debug|Any CPU = Debug|Any CPU
		Debug|x64 = Debug|x64
		Debug|x86 = Debug|x86
		Release|Any CPU = Release|Any CPU
		Release|x64 = Release|x64
		Release|x86 = Release|x86
	EndGlobalSection
	GlobalSection(ProjectConfigurationPlatforms) = postSolution
		{214B468E-FD39-4CCD-A63C-6EE1D3956CE3}.Debug|Any CPU.ActiveCfg = Debug|Win32
		{214B468E-FD39-4CCD-A63C-6EE1D3956CE3}.Debug|x64.ActiveCfg = Debug|x64
		{214B468E-FD39-4CCD-A63C-6EE1D3956CE3}.Debug|x64.Build.0 = Debug|x64
		{214B468E-FD39-4CCD-A63C-6EE1D3956CE3}.Debug|x86.ActiveCfg = Debug|Win32
		{214B468E-FD39-4CCD-A63C-6EE1D3956CE3}.Debug|x86.Build.0 = Debug|Win32
		{214B468E-FD39-4CCD-A63C-6EE1D3956CE3}.Release|Any CPU.ActiveCfg = Release|Win32
		{214B468E-FD39-4CCD-A63C-6EE1D3956CE3}.Release|x64.ActiveCfg = Release|x64
		{214B468E-FD39-4CCD-A63C-6EE1D3956CE3}.Release|x64.Build.0 = Release|x64
		{214B468E-FD39-4CCD-A63C-6EE1D3956CE3}.Release|x86.ActiveCfg = Release|Win32
		{214B468E-FD39-4CCD-A63C-6EE1D3956CE3}.Release|x86.Build.0 = Release|Win32
		{4B0CF068-28C7-4F93-A3B4-53D0C2A44557}.Debug|Any CPU.ActiveCfg = Debug|Any CPU
		{4B0CF068-28C7-4F93-A3B4-53D0C2A44557}.Debug|Any CPU.Build.0 = Debug|Any CPU
		{4B0CF068-28C7-4F93-A3B4-53D0C2A44557}.Debug|x64.ActiveCfg = Debug|Any CPU
		{4B0CF068-28C7-4F93-A3B4-53D0C2A44557}.Debug|x64.Build.0 = Debug|Any CPU
		{4B0CF068-28C7-4F93-A3B4-53D0C2A44557}.Debug|x86.ActiveCfg = Debug|Any CPU
		{4B0CF068-28C7-4F93-A3B4-53D0C2A44557}.Debug|x86.Build.0 = Debug|Any CPU
		{4B0CF068-28C7-4F93-A3B4-53D0C2A44557}.Release|Any CPU.ActiveCfg = Release|Any CPU
		{4B0CF068-28C7-4F93-A3B4-53D0C2A44557}.Release|Any CPU.Build.0 = Release|Any CPU
		{4B0CF068-28C7-4F93-A3B4-53D0C2A44557}.Release|x64.ActiveCfg = Release|Any CPU
		{4B0CF068-28C7-4F93-A3B4-53D0C2A44557}.Release|x64.Build.0 = Release|Any CPU
		{4B0CF068-28C7-4F93-A3B4-53D0C2A44557}.Release|x86.ActiveCfg = Release|Any CPU
		{4B0CF068-28C7-4F93-A3B4-53D0C2A44557}.Release|x86.Build.0 = Release|Any CPU
	EndGlobalSection
	GlobalSection(SolutionProperties) = preSolution
		HideSolutionNode = FALSE
	EndGlobalSection
	GlobalSection(ExtensibilityGlobals) = postSolution
		SolutionGuid = {0E650453-4D51-4D18-85D1-F4278D0E3D05}
	EndGlobalSection
EndGlobal
